// !$*UTF8*$!
{
	archiveVersion = 1;
	classes = {
	};
	objectVersion = 46;
	objects = {

/* Begin PBXBuildFile section */
		D44E24221A966E7B005EE222 /* main.cpp in Sources */ = {isa = PBXBuildFile; fileRef = D44E24211A966E7B005EE222 /* main.cpp */; };
		D44E242A1A9674E4005EE222 /* Usuario.cpp in Sources */ = {isa = PBXBuildFile; fileRef = D44E24281A9674E4005EE222 /* Usuario.cpp */; };
		D44E242D1A9675FE005EE222 /* Vehiculo.cpp in Sources */ = {isa = PBXBuildFile; fileRef = D44E242B1A9675FE005EE222 /* Vehiculo.cpp */; };
		D44E24301A967A57005EE222 /* Registro.cpp in Sources */ = {isa = PBXBuildFile; fileRef = D44E242E1A967A57005EE222 /* Registro.cpp */; };
/* End PBXBuildFile section */

/* Begin PBXCopyFilesBuildPhase section */
		D44E241C1A966E7B005EE222 /* CopyFiles */ = {
			isa = PBXCopyFilesBuildPhase;
			buildActionMask = 2147483647;
			dstPath = /usr/share/man/man1/;
			dstSubfolderSpec = 0;
			files = (
			);
			runOnlyForDeploymentPostprocessing = 1;
		};
/* End PBXCopyFilesBuildPhase section */

/* Begin PBXFileReference section */
		D44E241E1A966E7B005EE222 /* Ejercicio02 */ = {isa = PBXFileReference; explicitFileType = "compiled.mach-o.executable"; includeInIndex = 0; path = Ejercicio02; sourceTree = BUILT_PRODUCTS_DIR; };
		D44E24211A966E7B005EE222 /* main.cpp */ = {isa = PBXFileReference; lastKnownFileType = sourcecode.cpp.cpp; path = main.cpp; sourceTree = "<group>"; };
		D44E24281A9674E4005EE222 /* Usuario.cpp */ = {isa = PBXFileReference; fileEncoding = 4; lastKnownFileType = sourcecode.cpp.cpp; path = Usuario.cpp; sourceTree = "<group>"; };
		D44E24291A9674E4005EE222 /* Usuario.h */ = {isa = PBXFileReference; fileEncoding = 4; lastKnownFileType = sourcecode.c.h; path = Usuario.h; sourceTree = "<group>"; };
		D44E242B1A9675FE005EE222 /* Vehiculo.cpp */ = {isa = PBXFileReference; fileEncoding = 4; lastKnownFileType = sourcecode.cpp.cpp; path = Vehiculo.cpp; sourceTree = "<group>"; };
		D44E242C1A9675FE005EE222 /* Vehiculo.h */ = {isa = PBXFileReference; fileEncoding = 4; lastKnownFileType = sourcecode.c.h; path = Vehiculo.h; sourceTree = "<group>"; };
		D44E242E1A967A57005EE222 /* Registro.cpp */ = {isa = PBXFileReference; fileEncoding = 4; lastKnownFileType = sourcecode.cpp.cpp; path = Registro.cpp; sourceTree = "<group>"; };
		D44E242F1A967A57005EE222 /* Registro.h */ = {isa = PBXFileReference; fileEncoding = 4; lastKnownFileType = sourcecode.c.h; path = Registro.h; sourceTree = "<group>"; };
/* End PBXFileReference section */

/* Begin PBXFrameworksBuildPhase section */
		D44E241B1A966E7B005EE222 /* Frameworks */ = {
			isa = PBXFrameworksBuildPhase;
			buildActionMask = 2147483647;
			files = (
			);
			runOnlyForDeploymentPostprocessing = 0;
		};
/* End PBXFrameworksBuildPhase section */

/* Begin PBXGroup section */
		D44E24151A966E7B005EE222 = {
			isa = PBXGroup;
			children = (
				D44E24201A966E7B005EE222 /* Ejercicio02 */,
				D44E241F1A966E7B005EE222 /* Products */,
			);
			sourceTree = "<group>";
		};
		D44E241F1A966E7B005EE222 /* Products */ = {
			isa = PBXGroup;
			children = (
				D44E241E1A966E7B005EE222 /* Ejercicio02 */,
			);
			name = Products;
			sourceTree = "<group>";
		};
		D44E24201A966E7B005EE222 /* Ejercicio02 */ = {
			isa = PBXGroup;
			children = (
				D44E242B1A9675FE005EE222 /* Vehiculo.cpp */,
				D44E242C1A9675FE005EE222 /* Vehiculo.h */,
				D44E24281A9674E4005EE222 /* Usuario.cpp */,
				D44E24291A9674E4005EE222 /* Usuario.h */,
				D44E24211A966E7B005EE222 /* main.cpp */,
				D44E242E1A967A57005EE222 /* Registro.cpp */,
				D44E242F1A967A57005EE222 /* Registro.h */,
			);
			path = Ejercicio02;
			sourceTree = "<group>";
		};
/* End PBXGroup section */

/* Begin PBXNativeTarget section */
		D44E241D1A966E7B005EE222 /* Ejercicio02 */ = {
			isa = PBXNativeTarget;
			buildConfigurationList = D44E24251A966E7B005EE222 /* Build configuration list for PBXNativeTarget "Ejercicio02" */;
			buildPhases = (
				D44E241A1A966E7B005EE222 /* Sources */,
				D44E241B1A966E7B005EE222 /* Frameworks */,
				D44E241C1A966E7B005EE222 /* CopyFiles */,
			);
			buildRules = (
			);
			dependencies = (
			);
			name = Ejercicio02;
			productName = Ejercicio02;
			productReference = D44E241E1A966E7B005EE222 /* Ejercicio02 */;
			productType = "com.apple.product-type.tool";
		};
/* End PBXNativeTarget section */

/* Begin PBXProject section */
		D44E24161A966E7B005EE222 /* Project object */ = {
			isa = PBXProject;
			attributes = {
				LastUpgradeCheck = 0610;
				ORGANIZATIONNAME = "Gerardo Teruel";
				TargetAttributes = {
					D44E241D1A966E7B005EE222 = {
						CreatedOnToolsVersion = 6.1.1;
					};
				};
			};
			buildConfigurationList = D44E24191A966E7B005EE222 /* Build configuration list for PBXProject "Ejercicio02" */;
			compatibilityVersion = "Xcode 3.2";
			developmentRegion = English;
			hasScannedForEncodings = 0;
			knownRegions = (
				en,
			);
			mainGroup = D44E24151A966E7B005EE222;
			productRefGroup = D44E241F1A966E7B005EE222 /* Products */;
			projectDirPath = "";
			projectRoot = "";
			targets = (
				D44E241D1A966E7B005EE222 /* Ejercicio02 */,
			);
		};
/* End PBXProject section */

/* Begin PBXSourcesBuildPhase section */
		D44E241A1A966E7B005EE222 /* Sources */ = {
			isa = PBXSourcesBuildPhase;
			buildActionMask = 2147483647;
			files = (
				D44E24301A967A57005EE222 /* Registro.cpp in Sources */,
				D44E242D1A9675FE005EE222 /* Vehiculo.cpp in Sources */,
				D44E242A1A9674E4005EE222 /* Usuario.cpp in Sources */,
				D44E24221A966E7B005EE222 /* main.cpp in Sources */,
			);
			runOnlyForDeploymentPostprocessing = 0;
		};
/* End PBXSourcesBuildPhase section */

/* Begin XCBuildConfiguration section */
		D44E24231A966E7B005EE222 /* Debug */ = {
			isa = XCBuildConfiguration;
			buildSettings = {
				ALWAYS_SEARCH_USER_PATHS = NO;
				CLANG_CXX_LANGUAGE_STANDARD = "gnu++0x";
				CLANG_CXX_LIBRARY = "libc++";
				CLANG_ENABLE_MODULES = YES;
				CLANG_ENABLE_OBJC_ARC = YES;
				CLANG_WARN_BOOL_CONVERSION = YES;
				CLANG_WARN_CONSTANT_CONVERSION = YES;
				CLANG_WARN_DIRECT_OBJC_ISA_USAGE = YES_ERROR;
				CLANG_WARN_EMPTY_BODY = YES;
				CLANG_WARN_ENUM_CONVERSION = YES;
				CLANG_WARN_INT_CONVERSION = YES;
				CLANG_WARN_OBJC_ROOT_CLASS = YES_ERROR;
				CLANG_WARN_UNREACHABLE_CODE = YES;
				CLANG_WARN__DUPLICATE_METHOD_MATCH = YES;
				COPY_PHASE_STRIP = NO;
				ENABLE_STRICT_OBJC_MSGSEND = YES;
				GCC_C_LANGUAGE_STANDARD = gnu99;
				GCC_DYNAMIC_NO_PIC = NO;
				GCC_OPTIMIZATION_LEVEL = 0;
				GCC_PREPROCESSOR_DEFINITIONS = (
					"DEBUG=1",
					"$(inherited)",
				);
				GCC_SYMBOLS_PRIVATE_EXTERN = NO;
				GCC_WARN_64_TO_32_BIT_CONVERSION = YES;
				GCC_WARN_ABOUT_RETURN_TYPE = YES_ERROR;
				GCC_WARN_UNDECLARED_SELECTOR = YES;
				GCC_WARN_UNINITIALIZED_AUTOS = YES_AGGRESSIVE;
				GCC_WARN_UNUSED_FUNCTION = YES;
				GCC_WARN_UNUSED_VARIABLE = YES;
				MACOSX_DEPLOYMENT_TARGET = 10.10;
				MTL_ENABLE_DEBUG_INFO = YES;
				ONLY_ACTIVE_ARCH = YES;
				SDKROOT = macosx;
			};
			name = Debug;
		};
		D44E24241A966E7B005EE222 /* Release */ = {
			isa = XCBuildConfiguration;
			buildSettings = {
				ALWAYS_SEARCH_USER_PATHS = NO;
				CLANG_CXX_LANGUAGE_STANDARD = "gnu++0x";
				CLANG_CXX_LIBRARY = "libc++";
				CLANG_ENABLE_MODULES = YES;
				CLANG_ENABLE_OBJC_ARC = YES;
				CLANG_WARN_BOOL_CONVERSION = YES;
				CLANG_WARN_CONSTANT_CONVERSION = YES;
				CLANG_WARN_DIRECT_OBJC_ISA_USAGE = YES_ERROR;
				CLANG_WARN_EMPTY_BODY = YES;
				CLANG_WARN_ENUM_CONVERSION = YES;
				CLANG_WARN_INT_CONVERSION = YES;
				CLANG_WARN_OBJC_ROOT_CLASS = YES_ERROR;
				CLANG_WARN_UNREACHABLE_CODE = YES;
				CLANG_WARN__DUPLICATE_METHOD_MATCH = YES;
				COPY_PHASE_STRIP = YES;
				DEBUG_INFORMATION_FORMAT = "dwarf-with-dsym";
				ENABLE_NS_ASSERTIONS = NO;
				ENABLE_STRICT_OBJC_MSGSEND = YES;
				GCC_C_LANGUAGE_STANDARD = gnu99;
				GCC_WARN_64_TO_32_BIT_CONVERSION = YES;
				GCC_WARN_ABOUT_RETURN_TYPE = YES_ERROR;
				GCC_WARN_UNDECLARED_SELECTOR = YES;
				GCC_WARN_UNINITIALIZED_AUTOS = YES_AGGRESSIVE;
				GCC_WARN_UNUSED_FUNCTION = YES;
				GCC_WARN_UNUSED_VARIABLE = YES;
				MACOSX_DEPLOYMENT_TARGET = 10.10;
				MTL_ENABLE_DEBUG_INFO = NO;
				SDKROOT = macosx;
			};
			name = Release;
		};
		D44E24261A966E7B005EE222 /* Debug */ = {
			isa = XCBuildConfiguration;
			buildSettings = {
				PRODUCT_NAME = "$(TARGET_NAME)";
			};
			name = Debug;
		};
		D44E24271A966E7B005EE222 /* Release */ = {
			isa = XCBuildConfiguration;
			buildSettings = {
				PRODUCT_NAME = "$(TARGET_NAME)";
			};
			name = Release;
		};
/* End XCBuildConfiguration section */

/* Begin XCConfigurationList section */
		D44E24191A966E7B005EE222 /* Build configuration list for PBXProject "Ejercicio02" */ = {
			isa = XCConfigurationList;
			buildConfigurations = (
				D44E24231A966E7B005EE222 /* Debug */,
				D44E24241A966E7B005EE222 /* Release */,
			);
			defaultConfigurationIsVisible = 0;
			defaultConfigurationName = Release;
		};
		D44E24251A966E7B005EE222 /* Build configuration list for PBXNativeTarget "Ejercicio02" */ = {
			isa = XCConfigurationList;
			buildConfigurations = (
				D44E24261A966E7B005EE222 /* Debug */,
				D44E24271A966E7B005EE222 /* Release */,
			);
			defaultConfigurationIsVisible = 0;
		};
/* End XCConfigurationList section */
	};
	rootObject = D44E24161A966E7B005EE222 /* Project object */;
}
